
Microsoft Visual Studio Solution File, Format Version 12.00
# Visual Studio 2013
VisualStudioVersion = 12.0.31101.0
MinimumVisualStudioVersion = 10.0.40219.1
Project("{8BC9CEB8-8B4A-11D0-8D11-00A0C91BC942}") = "KONAHEN", "game04.vcxproj", "{0275DC91-8984-493F-80F4-CE31E5EAC795}"
EndProject
Project("{8BC9CEB8-8B4A-11D0-8D11-00A0C91BC942}") = "ftgl", "ftgl-2.1.3~rc5\ftgl.vcxproj", "{E622F16F-1DD8-407C-8945-E71CC9B97394}"
EndProject
Global
	GlobalSection(SolutionConfigurationPlatforms) = preSolution
		Debug|Win32 = Debug|Win32
		Release|Win32 = Release|Win32
	EndGlobalSection
	GlobalSection(ProjectConfigurationPlatforms) = postSolution
		{0275DC91-8984-493F-80F4-CE31E5EAC795}.Debug|Win32.ActiveCfg = Debug|Win32
		{0275DC91-8984-493F-80F4-CE31E5EAC795}.Debug|Win32.Build.0 = Debug|Win32
		{0275DC91-8984-493F-80F4-CE31E5EAC795}.Release|Win32.ActiveCfg = Release|Win32
		{0275DC91-8984-493F-80F4-CE31E5EAC795}.Release|Win32.Build.0 = Release|Win32
		{E622F16F-1DD8-407C-8945-E71CC9B97394}.Debug|Win32.ActiveCfg = Debug|Win32
		{E622F16F-1DD8-407C-8945-E71CC9B97394}.Debug|Win32.Build.0 = Debug|Win32
		{E622F16F-1DD8-407C-8945-E71CC9B97394}.Release|Win32.ActiveCfg = Release|Win32
		{E622F16F-1DD8-407C-8945-E71CC9B97394}.Release|Win32.Build.0 = Release|Win32
	EndGlobalSection
	GlobalSection(SolutionProperties) = preSolution
		HideSolutionNode = FALSE
	EndGlobalSection
EndGlobal
